
Microsoft Visual Studio Solution File, Format Version 12.00
# Visual Studio Version 16
VisualStudioVersion = 16.0.29728.190
MinimumVisualStudioVersion = 10.0.40219.1
Project("{FAE04EC0-301F-11D3-BF4B-00C04F79EFBC}") = "BynaryToInt", "BynaryToInt\BynaryToInt.csproj", "{99AF996B-D2F5-49F7-862C-E72C890F465E}"
EndProject
Project("{FAE04EC0-301F-11D3-BF4B-00C04F79EFBC}") = "UnitTestBinaryToInt", "UnitTestBinaryToInt\UnitTestBinaryToInt.csproj", "{A7B931F9-2D28-432D-A09D-86B6D78323EA}"
EndProject
Global
	GlobalSection(SolutionConfigurationPlatforms) = preSolution
		Debug|Any CPU = Debug|Any CPU
		Release|Any CPU = Release|Any CPU
	EndGlobalSection
	GlobalSection(ProjectConfigurationPlatforms) = postSolution
		{99AF996B-D2F5-49F7-862C-E72C890F465E}.Debug|Any CPU.ActiveCfg = Debug|Any CPU
		{99AF996B-D2F5-49F7-862C-E72C890F465E}.Debug|Any CPU.Build.0 = Debug|Any CPU
		{99AF996B-D2F5-49F7-862C-E72C890F465E}.Release|Any CPU.ActiveCfg = Release|Any CPU
		{99AF996B-D2F5-49F7-862C-E72C890F465E}.Release|Any CPU.Build.0 = Release|Any CPU
		{A7B931F9-2D28-432D-A09D-86B6D78323EA}.Debug|Any CPU.ActiveCfg = Debug|Any CPU
		{A7B931F9-2D28-432D-A09D-86B6D78323EA}.Debug|Any CPU.Build.0 = Debug|Any CPU
		{A7B931F9-2D28-432D-A09D-86B6D78323EA}.Release|Any CPU.ActiveCfg = Release|Any CPU
		{A7B931F9-2D28-432D-A09D-86B6D78323EA}.Release|Any CPU.Build.0 = Release|Any CPU
	EndGlobalSection
	GlobalSection(SolutionProperties) = preSolution
		HideSolutionNode = FALSE
	EndGlobalSection
	GlobalSection(ExtensibilityGlobals) = postSolution
		SolutionGuid = {6A45705C-1847-4B75-B63C-124543A86342}
	EndGlobalSection
EndGlobal
